
Microsoft Visual Studio Solution File, Format Version 12.00
# Visual Studio Version 16
VisualStudioVersion = 16.0.32802.440
MinimumVisualStudioVersion = 10.0.40219.1
Project("{9A19103F-16F7-4668-BE54-9A1E7A4F7556}") = "Cozum.Rapor.WebUI", "Cozum.Rapor.WebUI\Cozum.Rapor.WebUI.csproj", "{94EE4907-F74B-497B-BB62-89330B1E8D96}"
EndProject
Project("{FAE04EC0-301F-11D3-BF4B-00C04F79EFBC}") = "Cozum.Rapor.Entities", "Cozum.Rapor.Entities\Cozum.Rapor.Entities.csproj", "{707C5521-7B40-4646-9CBA-CB61AC28B6D8}"
EndProject
Project("{FAE04EC0-301F-11D3-BF4B-00C04F79EFBC}") = "Cozum.Rapor.Data", "Cozum.Rapor.Data\Cozum.Rapor.Data.csproj", "{3EED652D-9FD6-4FE3-95F8-CDFB70CDA933}"
EndProject
Project("{FAE04EC0-301F-11D3-BF4B-00C04F79EFBC}") = "Cozum.Rapor.Business", "Cozum.Rapor.Business\Cozum.Rapor.Business.csproj", "{3FC46FC9-CB09-466A-BAAC-5FED8E6D1EA4}"
EndProject
Global
	GlobalSection(SolutionConfigurationPlatforms) = preSolution
		Debug|Any CPU = Debug|Any CPU
		Release|Any CPU = Release|Any CPU
	EndGlobalSection
	GlobalSection(ProjectConfigurationPlatforms) = postSolution
		{94EE4907-F74B-497B-BB62-89330B1E8D96}.Debug|Any CPU.ActiveCfg = Debug|Any CPU
		{94EE4907-F74B-497B-BB62-89330B1E8D96}.Debug|Any CPU.Build.0 = Debug|Any CPU
		{94EE4907-F74B-497B-BB62-89330B1E8D96}.Release|Any CPU.ActiveCfg = Release|Any CPU
		{94EE4907-F74B-497B-BB62-89330B1E8D96}.Release|Any CPU.Build.0 = Release|Any CPU
		{707C5521-7B40-4646-9CBA-CB61AC28B6D8}.Debug|Any CPU.ActiveCfg = Debug|Any CPU
		{707C5521-7B40-4646-9CBA-CB61AC28B6D8}.Debug|Any CPU.Build.0 = Debug|Any CPU
		{707C5521-7B40-4646-9CBA-CB61AC28B6D8}.Release|Any CPU.ActiveCfg = Release|Any CPU
		{707C5521-7B40-4646-9CBA-CB61AC28B6D8}.Release|Any CPU.Build.0 = Release|Any CPU
		{3EED652D-9FD6-4FE3-95F8-CDFB70CDA933}.Debug|Any CPU.ActiveCfg = Debug|Any CPU
		{3EED652D-9FD6-4FE3-95F8-CDFB70CDA933}.Debug|Any CPU.Build.0 = Debug|Any CPU
		{3EED652D-9FD6-4FE3-95F8-CDFB70CDA933}.Release|Any CPU.ActiveCfg = Release|Any CPU
		{3EED652D-9FD6-4FE3-95F8-CDFB70CDA933}.Release|Any CPU.Build.0 = Release|Any CPU
		{3FC46FC9-CB09-466A-BAAC-5FED8E6D1EA4}.Debug|Any CPU.ActiveCfg = Debug|Any CPU
		{3FC46FC9-CB09-466A-BAAC-5FED8E6D1EA4}.Debug|Any CPU.Build.0 = Debug|Any CPU
		{3FC46FC9-CB09-466A-BAAC-5FED8E6D1EA4}.Release|Any CPU.ActiveCfg = Release|Any CPU
		{3FC46FC9-CB09-466A-BAAC-5FED8E6D1EA4}.Release|Any CPU.Build.0 = Release|Any CPU
	EndGlobalSection
	GlobalSection(SolutionProperties) = preSolution
		HideSolutionNode = FALSE
	EndGlobalSection
	GlobalSection(ExtensibilityGlobals) = postSolution
		SolutionGuid = {97D69761-2C6C-40F7-AB0E-2C289EAA030C}
	EndGlobalSection
EndGlobal
